{
  "name": "openshift-cartridge-nodejs-template",
  "version": "1.0.1",
  "dependencies": {
    "@slack/client": {
      "version": "3.8.1",
      "dependencies": {
        "retry": {
          "version": "0.9.0"
        }
      }
    },
    "agent-base": {
      "version": "2.0.1"
    },
    "ansi-regex": {
      "version": "2.1.1"
    },
    "ansi-styles": {
      "version": "2.2.1"
    },
    "asn1": {
      "version": "0.2.3"
    },
    "assert-plus": {
      "version": "0.2.0"
    },
    "async": {
      "version": "1.5.2"
    },
    "asynckit": {
      "version": "0.4.0"
    },
    "aws-sign2": {
      "version": "0.6.0"
    },
    "aws4": {
      "version": "1.6.0"
    },
    "bcrypt-pbkdf": {
      "version": "1.0.1",
      "optional": true
    },
    "bluebird": {
      "version": "3.4.7"
    },
    "boom": {
      "version": "2.10.1"
    },
    "caseless": {
      "version": "0.11.0"
    },
    "chalk": {
      "version": "1.1.3"
    },
    "colors": {
      "version": "1.0.3"
    },
    "combined-stream": {
      "version": "1.0.5"
    },
    "commander": {
      "version": "2.9.0"
    },
    "config": {
      "version": "1.25.1"
    },
    "cryptiles": {
      "version": "2.0.5"
    },
    "cycle": {
      "version": "1.0.3"
    },
    "dashdash": {
      "version": "1.14.1",
      "dependencies": {
        "assert-plus": {
          "version": "1.0.0"
        }
      }
    },
    "debug": {
      "version": "2.6.1"
    },
    "delayed-stream": {
      "version": "1.0.0"
    },
    "ecc-jsbn": {
      "version": "0.1.1",
      "optional": true
    },
    "err-code": {
      "version": "1.1.1"
    },
    "escape-string-regexp": {
      "version": "1.0.5"
    },
    "eventemitter3": {
      "version": "1.2.0"
    },
    "extend": {
      "version": "3.0.0"
    },
    "extsprintf": {
      "version": "1.0.2"
    },
    "eyes": {
      "version": "0.1.8"
    },
    "forever-agent": {
      "version": "0.6.1"
    },
    "form-data": {
      "version": "2.1.2"
    },
    "generate-function": {
      "version": "2.0.0"
    },
    "generate-object-property": {
      "version": "1.2.0"
    },
    "getpass": {
      "version": "0.1.6",
      "dependencies": {
        "assert-plus": {
          "version": "1.0.0"
        }
      }
    },
    "graceful-readlink": {
      "version": "1.0.1"
    },
    "har-validator": {
      "version": "2.0.6"
    },
    "has-ansi": {
      "version": "2.0.0"
    },
    "hawk": {
      "version": "3.1.3"
    },
    "hoek": {
      "version": "2.16.3"
    },
    "http-signature": {
      "version": "1.1.1"
    },
    "https-proxy-agent": {
      "version": "1.0.0"
    },
    "inherits": {
      "version": "2.0.3"
    },
    "is-my-json-valid": {
      "version": "2.16.0"
    },
    "is-property": {
      "version": "1.0.2"
    },
    "is-typedarray": {
      "version": "1.0.0"
    },
    "isstream": {
      "version": "0.1.2"
    },
    "jodid25519": {
      "version": "1.0.2",
      "optional": true
    },
    "jsbn": {
      "version": "0.1.1",
      "optional": true
    },
    "json-schema": {
      "version": "0.2.3"
    },
    "json-stringify-safe": {
      "version": "5.0.1"
    },
    "json5": {
      "version": "0.4.0"
    },
    "jsonpointer": {
      "version": "4.0.1"
    },
    "jsprim": {
      "version": "1.3.1"
    },
    "lodash": {
      "version": "4.17.4"
    },
    "lodash._reinterpolate": {
      "version": "3.0.0"
    },
    "lodash.template": {
      "version": "4.4.0"
    },
    "lodash.templatesettings": {
      "version": "4.1.0"
    },
    "mime-db": {
      "version": "1.26.0"
    },
    "mime-types": {
      "version": "2.1.14"
    },
    "ms": {
      "version": "0.7.2"
    },
    "oauth-sign": {
      "version": "0.8.2"
    },
    "options": {
      "version": "0.0.6"
    },
    "pad-left": {
      "version": "2.1.0"
    },
    "pinkie": {
      "version": "2.0.4"
    },
    "pinkie-promise": {
      "version": "2.0.1"
    },
    "pkginfo": {
      "version": "0.4.0"
    },
    "promise-retry": {
      "version": "1.1.1"
    },
    "punycode": {
      "version": "1.4.1"
    },
    "qs": {
      "version": "6.3.1"
    },
    "repeat-string": {
      "version": "1.6.1"
    },
    "request": {
      "version": "2.79.0"
    },
    "retry": {
      "version": "0.10.1"
    },
    "semver": {
      "version": "5.0.3"
    },
    "sntp": {
      "version": "1.0.9"
    },
    "sshpk": {
      "version": "1.10.2",
      "dependencies": {
        "assert-plus": {
          "version": "1.0.0"
        }
      }
    },
    "stack-trace": {
      "version": "0.0.9"
    },
    "stringstream": {
      "version": "0.0.5"
    },
    "strip-ansi": {
      "version": "3.0.1"
    },
    "supports-color": {
      "version": "2.0.0"
    },
    "tough-cookie": {
      "version": "2.3.2"
    },
    "tunnel-agent": {
      "version": "0.4.3"
    },
    "tweetnacl": {
      "version": "0.14.5",
      "optional": true
    },
    "ultron": {
      "version": "1.0.2"
    },
    "url-join": {
      "version": "0.0.1"
    },
    "uuid": {
      "version": "3.0.1"
    },
    "verror": {
      "version": "1.3.6"
    },
    "winston": {
      "version": "2.3.1",
      "dependencies": {
        "async": {
          "version": "1.0.0"
        }
      }
    },
    "ws": {
      "version": "1.1.2"
    },
    "xtend": {
      "version": "4.0.1"
    }
  }
}
